// !$*UTF8*$!
{
	archiveVersion = 1;
	classes = {
	};
	objectVersion = 46;
	objects = {

/* Begin PBXBuildFile section */
		34EB055C1B9D637A007735CB /* main.m in Sources */ = {isa = PBXBuildFile; fileRef = 34EB055B1B9D637A007735CB /* main.m */; };
		34EB055F1B9D637A007735CB /* AppDelegate.m in Sources */ = {isa = PBXBuildFile; fileRef = 34EB055E1B9D637A007735CB /* AppDelegate.m */; };
		34EB05621B9D637A007735CB /* ViewController.m in Sources */ = {isa = PBXBuildFile; fileRef = 34EB05611B9D637A007735CB /* ViewController.m */; };
		34EB05651B9D637A007735CB /* Main.storyboard in Resources */ = {isa = PBXBuildFile; fileRef = 34EB05631B9D637A007735CB /* Main.storyboard */; };
		34EB05671B9D637A007735CB /* Images.xcassets in Resources */ = {isa = PBXBuildFile; fileRef = 34EB05661B9D637A007735CB /* Images.xcassets */; };
		34EB056A1B9D637A007735CB /* LaunchScreen.xib in Resources */ = {isa = PBXBuildFile; fileRef = 34EB05681B9D637A007735CB /* LaunchScreen.xib */; };
		34EB05761B9D637A007735CB /* TestKVOArrayTests.m in Sources */ = {isa = PBXBuildFile; fileRef = 34EB05751B9D637A007735CB /* TestKVOArrayTests.m */; };
		34EB05811B9D6A0E007735CB /* Student.m in Sources */ = {isa = PBXBuildFile; fileRef = 34EB05801B9D6A0E007735CB /* Student.m */; };
/* End PBXBuildFile section */

/* Begin PBXContainerItemProxy section */
		34EB05701B9D637A007735CB /* PBXContainerItemProxy */ = {
			isa = PBXContainerItemProxy;
			containerPortal = 34EB054E1B9D637A007735CB /* Project object */;
			proxyType = 1;
			remoteGlobalIDString = 34EB05551B9D637A007735CB;
			remoteInfo = TestKVOArray;
		};
/* End PBXContainerItemProxy section */

/* Begin PBXFileReference section */
		34EB05561B9D637A007735CB /* TestKVOArray.app */ = {isa = PBXFileReference; explicitFileType = wrapper.application; includeInIndex = 0; path = TestKVOArray.app; sourceTree = BUILT_PRODUCTS_DIR; };
		34EB055A1B9D637A007735CB /* Info.plist */ = {isa = PBXFileReference; lastKnownFileType = text.plist.xml; path = Info.plist; sourceTree = "<group>"; };
		34EB055B1B9D637A007735CB /* main.m */ = {isa = PBXFileReference; lastKnownFileType = sourcecode.c.objc; path = main.m; sourceTree = "<group>"; };
		34EB055D1B9D637A007735CB /* AppDelegate.h */ = {isa = PBXFileReference; lastKnownFileType = sourcecode.c.h; path = AppDelegate.h; sourceTree = "<group>"; };
		34EB055E1B9D637A007735CB /* AppDelegate.m */ = {isa = PBXFileReference; lastKnownFileType = sourcecode.c.objc; path = AppDelegate.m; sourceTree = "<group>"; };
		34EB05601B9D637A007735CB /* ViewController.h */ = {isa = PBXFileReference; lastKnownFileType = sourcecode.c.h; path = ViewController.h; sourceTree = "<group>"; };
		34EB05611B9D637A007735CB /* ViewController.m */ = {isa = PBXFileReference; lastKnownFileType = sourcecode.c.objc; path = ViewController.m; sourceTree = "<group>"; };
		34EB05641B9D637A007735CB /* Base */ = {isa = PBXFileReference; lastKnownFileType = file.storyboard; name = Base; path = Base.lproj/Main.storyboard; sourceTree = "<group>"; };
		34EB05661B9D637A007735CB /* Images.xcassets */ = {isa = PBXFileReference; lastKnownFileType = folder.assetcatalog; path = Images.xcassets; sourceTree = "<group>"; };
		34EB05691B9D637A007735CB /* Base */ = {isa = PBXFileReference; lastKnownFileType = file.xib; name = Base; path = Base.lproj/LaunchScreen.xib; sourceTree = "<group>"; };
		34EB056F1B9D637A007735CB /* TestKVOArrayTests.xctest */ = {isa = PBXFileReference; explicitFileType = wrapper.cfbundle; includeInIndex = 0; path = TestKVOArrayTests.xctest; sourceTree = BUILT_PRODUCTS_DIR; };
		34EB05741B9D637A007735CB /* Info.plist */ = {isa = PBXFileReference; lastKnownFileType = text.plist.xml; path = Info.plist; sourceTree = "<group>"; };
		34EB05751B9D637A007735CB /* TestKVOArrayTests.m */ = {isa = PBXFileReference; lastKnownFileType = sourcecode.c.objc; path = TestKVOArrayTests.m; sourceTree = "<group>"; };
		34EB057F1B9D6A0E007735CB /* Student.h */ = {isa = PBXFileReference; fileEncoding = 4; lastKnownFileType = sourcecode.c.h; path = Student.h; sourceTree = "<group>"; };
		34EB05801B9D6A0E007735CB /* Student.m */ = {isa = PBXFileReference; fileEncoding = 4; lastKnownFileType = sourcecode.c.objc; path = Student.m; sourceTree = "<group>"; };
/* End PBXFileReference section */

/* Begin PBXFrameworksBuildPhase section */
		34EB05531B9D637A007735CB /* Frameworks */ = {
			isa = PBXFrameworksBuildPhase;
			buildActionMask = 2147483647;
			files = (
			);
			runOnlyForDeploymentPostprocessing = 0;
		};
		34EB056C1B9D637A007735CB /* Frameworks */ = {
			isa = PBXFrameworksBuildPhase;
			buildActionMask = 2147483647;
			files = (
			);
			runOnlyForDeploymentPostprocessing = 0;
		};
/* End PBXFrameworksBuildPhase section */

/* Begin PBXGroup section */
		34EB054D1B9D637A007735CB = {
			isa = PBXGroup;
			children = (
				34EB05581B9D637A007735CB /* TestKVOArray */,
				34EB05721B9D637A007735CB /* TestKVOArrayTests */,
				34EB05571B9D637A007735CB /* Products */,
			);
			sourceTree = "<group>";
		};
		34EB05571B9D637A007735CB /* Products */ = {
			isa = PBXGroup;
			children = (
				34EB05561B9D637A007735CB /* TestKVOArray.app */,
				34EB056F1B9D637A007735CB /* TestKVOArrayTests.xctest */,
			);
			name = Products;
			sourceTree = "<group>";
		};
		34EB05581B9D637A007735CB /* TestKVOArray */ = {
			isa = PBXGroup;
			children = (
				34EB055D1B9D637A007735CB /* AppDelegate.h */,
				34EB055E1B9D637A007735CB /* AppDelegate.m */,
				34EB05601B9D637A007735CB /* ViewController.h */,
				34EB05611B9D637A007735CB /* ViewController.m */,
				34EB057F1B9D6A0E007735CB /* Student.h */,
				34EB05801B9D6A0E007735CB /* Student.m */,
				34EB05631B9D637A007735CB /* Main.storyboard */,
				34EB05661B9D637A007735CB /* Images.xcassets */,
				34EB05681B9D637A007735CB /* LaunchScreen.xib */,
				34EB05591B9D637A007735CB /* Supporting Files */,
			);
			path = TestKVOArray;
			sourceTree = "<group>";
		};
		34EB05591B9D637A007735CB /* Supporting Files */ = {
			isa = PBXGroup;
			children = (
				34EB055A1B9D637A007735CB /* Info.plist */,
				34EB055B1B9D637A007735CB /* main.m */,
			);
			name = "Supporting Files";
			sourceTree = "<group>";
		};
		34EB05721B9D637A007735CB /* TestKVOArrayTests */ = {
			isa = PBXGroup;
			children = (
				34EB05751B9D637A007735CB /* TestKVOArrayTests.m */,
				34EB05731B9D637A007735CB /* Supporting Files */,
			);
			path = TestKVOArrayTests;
			sourceTree = "<group>";
		};
		34EB05731B9D637A007735CB /* Supporting Files */ = {
			isa = PBXGroup;
			children = (
				34EB05741B9D637A007735CB /* Info.plist */,
			);
			name = "Supporting Files";
			sourceTree = "<group>";
		};
/* End PBXGroup section */

/* Begin PBXNativeTarget section */
		34EB05551B9D637A007735CB /* TestKVOArray */ = {
			isa = PBXNativeTarget;
			buildConfigurationList = 34EB05791B9D637A007735CB /* Build configuration list for PBXNativeTarget "TestKVOArray" */;
			buildPhases = (
				34EB05521B9D637A007735CB /* Sources */,
				34EB05531B9D637A007735CB /* Frameworks */,
				34EB05541B9D637A007735CB /* Resources */,
			);
			buildRules = (
			);
			dependencies = (
			);
			name = TestKVOArray;
			productName = TestKVOArray;
			productReference = 34EB05561B9D637A007735CB /* TestKVOArray.app */;
			productType = "com.apple.product-type.application";
		};
		34EB056E1B9D637A007735CB /* TestKVOArrayTests */ = {
			isa = PBXNativeTarget;
			buildConfigurationList = 34EB057C1B9D637A007735CB /* Build configuration list for PBXNativeTarget "TestKVOArrayTests" */;
			buildPhases = (
				34EB056B1B9D637A007735CB /* Sources */,
				34EB056C1B9D637A007735CB /* Frameworks */,
				34EB056D1B9D637A007735CB /* Resources */,
			);
			buildRules = (
			);
			dependencies = (
				34EB05711B9D637A007735CB /* PBXTargetDependency */,
			);
			name = TestKVOArrayTests;
			productName = TestKVOArrayTests;
			productReference = 34EB056F1B9D637A007735CB /* TestKVOArrayTests.xctest */;
			productType = "com.apple.product-type.bundle.unit-test";
		};
/* End PBXNativeTarget section */

/* Begin PBXProject section */
		34EB054E1B9D637A007735CB /* Project object */ = {
			isa = PBXProject;
			attributes = {
				LastUpgradeCheck = 0610;
				ORGANIZATIONNAME = LiYang;
				TargetAttributes = {
					34EB05551B9D637A007735CB = {
						CreatedOnToolsVersion = 6.1;
					};
					34EB056E1B9D637A007735CB = {
						CreatedOnToolsVersion = 6.1;
						TestTargetID = 34EB05551B9D637A007735CB;
					};
				};
			};
			buildConfigurationList = 34EB05511B9D637A007735CB /* Build configuration list for PBXProject "TestKVOArray" */;
			compatibilityVersion = "Xcode 3.2";
			developmentRegion = English;
			hasScannedForEncodings = 0;
			knownRegions = (
				en,
				Base,
			);
			mainGroup = 34EB054D1B9D637A007735CB;
			productRefGroup = 34EB05571B9D637A007735CB /* Products */;
			projectDirPath = "";
			projectRoot = "";
			targets = (
				34EB05551B9D637A007735CB /* TestKVOArray */,
				34EB056E1B9D637A007735CB /* TestKVOArrayTests */,
			);
		};
/* End PBXProject section */

/* Begin PBXResourcesBuildPhase section */
		34EB05541B9D637A007735CB /* Resources */ = {
			isa = PBXResourcesBuildPhase;
			buildActionMask = 2147483647;
			files = (
				34EB05651B9D637A007735CB /* Main.storyboard in Resources */,
				34EB056A1B9D637A007735CB /* LaunchScreen.xib in Resources */,
				34EB05671B9D637A007735CB /* Images.xcassets in Resources */,
			);
			runOnlyForDeploymentPostprocessing = 0;
		};
		34EB056D1B9D637A007735CB /* Resources */ = {
			isa = PBXResourcesBuildPhase;
			buildActionMask = 2147483647;
			files = (
			);
			runOnlyForDeploymentPostprocessing = 0;
		};
/* End PBXResourcesBuildPhase section */

/* Begin PBXSourcesBuildPhase section */
		34EB05521B9D637A007735CB /* Sources */ = {
			isa = PBXSourcesBuildPhase;
			buildActionMask = 2147483647;
			files = (
				34EB05621B9D637A007735CB /* ViewController.m in Sources */,
				34EB055F1B9D637A007735CB /* AppDelegate.m in Sources */,
				34EB055C1B9D637A007735CB /* main.m in Sources */,
				34EB05811B9D6A0E007735CB /* Student.m in Sources */,
			);
			runOnlyForDeploymentPostprocessing = 0;
		};
		34EB056B1B9D637A007735CB /* Sources */ = {
			isa = PBXSourcesBuildPhase;
			buildActionMask = 2147483647;
			files = (
				34EB05761B9D637A007735CB /* TestKVOArrayTests.m in Sources */,
			);
			runOnlyForDeploymentPostprocessing = 0;
		};
/* End PBXSourcesBuildPhase section */

/* Begin PBXTargetDependency section */
		34EB05711B9D637A007735CB /* PBXTargetDependency */ = {
			isa = PBXTargetDependency;
			target = 34EB05551B9D637A007735CB /* TestKVOArray */;
			targetProxy = 34EB05701B9D637A007735CB /* PBXContainerItemProxy */;
		};
/* End PBXTargetDependency section */

/* Begin PBXVariantGroup section */
		34EB05631B9D637A007735CB /* Main.storyboard */ = {
			isa = PBXVariantGroup;
			children = (
				34EB05641B9D637A007735CB /* Base */,
			);
			name = Main.storyboard;
			sourceTree = "<group>";
		};
		34EB05681B9D637A007735CB /* LaunchScreen.xib */ = {
			isa = PBXVariantGroup;
			children = (
				34EB05691B9D637A007735CB /* Base */,
			);
			name = LaunchScreen.xib;
			sourceTree = "<group>";
		};
/* End PBXVariantGroup section */

/* Begin XCBuildConfiguration section */
		34EB05771B9D637A007735CB /* Debug */ = {
			isa = XCBuildConfiguration;
			buildSettings = {
				ALWAYS_SEARCH_USER_PATHS = NO;
				CLANG_CXX_LANGUAGE_STANDARD = "gnu++0x";
				CLANG_CXX_LIBRARY = "libc++";
				CLANG_ENABLE_MODULES = YES;
				CLANG_ENABLE_OBJC_ARC = YES;
				CLANG_WARN_BOOL_CONVERSION = YES;
				CLANG_WARN_CONSTANT_CONVERSION = YES;
				CLANG_WARN_DIRECT_OBJC_ISA_USAGE = YES_ERROR;
				CLANG_WARN_EMPTY_BODY = YES;
				CLANG_WARN_ENUM_CONVERSION = YES;
				CLANG_WARN_INT_CONVERSION = YES;
				CLANG_WARN_OBJC_ROOT_CLASS = YES_ERROR;
				CLANG_WARN_UNREACHABLE_CODE = YES;
				CLANG_WARN__DUPLICATE_METHOD_MATCH = YES;
				"CODE_SIGN_IDENTITY[sdk=iphoneos*]" = "iPhone Developer";
				COPY_PHASE_STRIP = NO;
				ENABLE_STRICT_OBJC_MSGSEND = YES;
				GCC_C_LANGUAGE_STANDARD = gnu99;
				GCC_DYNAMIC_NO_PIC = NO;
				GCC_OPTIMIZATION_LEVEL = 0;
				GCC_PREPROCESSOR_DEFINITIONS = (
					"DEBUG=1",
					"$(inherited)",
				);
				GCC_SYMBOLS_PRIVATE_EXTERN = NO;
				GCC_WARN_64_TO_32_BIT_CONVERSION = YES;
				GCC_WARN_ABOUT_RETURN_TYPE = YES_ERROR;
				GCC_WARN_UNDECLARED_SELECTOR = YES;
				GCC_WARN_UNINITIALIZED_AUTOS = YES_AGGRESSIVE;
				GCC_WARN_UNUSED_FUNCTION = YES;
				GCC_WARN_UNUSED_VARIABLE = YES;
				IPHONEOS_DEPLOYMENT_TARGET = 8.1;
				MTL_ENABLE_DEBUG_INFO = YES;
				ONLY_ACTIVE_ARCH = YES;
				SDKROOT = iphoneos;
				TARGETED_DEVICE_FAMILY = "1,2";
			};
			name = Debug;
		};
		34EB05781B9D637A007735CB /* Release */ = {
			isa = XCBuildConfiguration;
			buildSettings = {
				ALWAYS_SEARCH_USER_PATHS = NO;
				CLANG_CXX_LANGUAGE_STANDARD = "gnu++0x";
				CLANG_CXX_LIBRARY = "libc++";
				CLANG_ENABLE_MODULES = YES;
				CLANG_ENABLE_OBJC_ARC = YES;
				CLANG_WARN_BOOL_CONVERSION = YES;
				CLANG_WARN_CONSTANT_CONVERSION = YES;
				CLANG_WARN_DIRECT_OBJC_ISA_USAGE = YES_ERROR;
				CLANG_WARN_EMPTY_BODY = YES;
				CLANG_WARN_ENUM_CONVERSION = YES;
				CLANG_WARN_INT_CONVERSION = YES;
				CLANG_WARN_OBJC_ROOT_CLASS = YES_ERROR;
				CLANG_WARN_UNREACHABLE_CODE = YES;
				CLANG_WARN__DUPLICATE_METHOD_MATCH = YES;
				"CODE_SIGN_IDENTITY[sdk=iphoneos*]" = "iPhone Developer";
				COPY_PHASE_STRIP = YES;
				ENABLE_NS_ASSERTIONS = NO;
				ENABLE_STRICT_OBJC_MSGSEND = YES;
				GCC_C_LANGUAGE_STANDARD = gnu99;
				GCC_WARN_64_TO_32_BIT_CONVERSION = YES;
				GCC_WARN_ABOUT_RETURN_TYPE = YES_ERROR;
				GCC_WARN_UNDECLARED_SELECTOR = YES;
				GCC_WARN_UNINITIALIZED_AUTOS = YES_AGGRESSIVE;
				GCC_WARN_UNUSED_FUNCTION = YES;
				GCC_WARN_UNUSED_VARIABLE = YES;
				IPHONEOS_DEPLOYMENT_TARGET = 8.1;
				MTL_ENABLE_DEBUG_INFO = NO;
				SDKROOT = iphoneos;
				TARGETED_DEVICE_FAMILY = "1,2";
				VALIDATE_PRODUCT = YES;
			};
			name = Release;
		};
		34EB057A1B9D637A007735CB /* Debug */ = {
			isa = XCBuildConfiguration;
			buildSettings = {
				ASSETCATALOG_COMPILER_APPICON_NAME = AppIcon;
				CLANG_ENABLE_OBJC_ARC = NO;
				INFOPLIST_FILE = TestKVOArray/Info.plist;
				LD_RUNPATH_SEARCH_PATHS = "$(inherited) @executable_path/Frameworks";
				PRODUCT_NAME = "$(TARGET_NAME)";
			};
			name = Debug;
		};
		34EB057B1B9D637A007735CB /* Release */ = {
			isa = XCBuildConfiguration;
			buildSettings = {
				ASSETCATALOG_COMPILER_APPICON_NAME = AppIcon;
				CLANG_ENABLE_OBJC_ARC = NO;
				INFOPLIST_FILE = TestKVOArray/Info.plist;
				LD_RUNPATH_SEARCH_PATHS = "$(inherited) @executable_path/Frameworks";
				PRODUCT_NAME = "$(TARGET_NAME)";
			};
			name = Release;
		};
		34EB057D1B9D637A007735CB /* Debug */ = {
			isa = XCBuildConfiguration;
			buildSettings = {
				BUNDLE_LOADER = "$(TEST_HOST)";
				FRAMEWORK_SEARCH_PATHS = (
					"$(SDKROOT)/Developer/Library/Frameworks",
					"$(inherited)",
				);
				GCC_PREPROCESSOR_DEFINITIONS = (
					"DEBUG=1",
					"$(inherited)",
				);
				INFOPLIST_FILE = TestKVOArrayTests/Info.plist;
				LD_RUNPATH_SEARCH_PATHS = "$(inherited) @executable_path/Frameworks @loader_path/Frameworks";
				PRODUCT_NAME = "$(TARGET_NAME)";
				TEST_HOST = "$(BUILT_PRODUCTS_DIR)/TestKVOArray.app/TestKVOArray";
			};
			name = Debug;
		};
		34EB057E1B9D637A007735CB /* Release */ = {
			isa = XCBuildConfiguration;
			buildSettings = {
				BUNDLE_LOADER = "$(TEST_HOST)";
				FRAMEWORK_SEARCH_PATHS = (
					"$(SDKROOT)/Developer/Library/Frameworks",
					"$(inherited)",
				);
				INFOPLIST_FILE = TestKVOArrayTests/Info.plist;
				LD_RUNPATH_SEARCH_PATHS = "$(inherited) @executable_path/Frameworks @loader_path/Frameworks";
				PRODUCT_NAME = "$(TARGET_NAME)";
				TEST_HOST = "$(BUILT_PRODUCTS_DIR)/TestKVOArray.app/TestKVOArray";
			};
			name = Release;
		};
/* End XCBuildConfiguration section */

/* Begin XCConfigurationList section */
		34EB05511B9D637A007735CB /* Build configuration list for PBXProject "TestKVOArray" */ = {
			isa = XCConfigurationList;
			buildConfigurations = (
				34EB05771B9D637A007735CB /* Debug */,
				34EB05781B9D637A007735CB /* Release */,
			);
			defaultConfigurationIsVisible = 0;
			defaultConfigurationName = Release;
		};
		34EB05791B9D637A007735CB /* Build configuration list for PBXNativeTarget "TestKVOArray" */ = {
			isa = XCConfigurationList;
			buildConfigurations = (
				34EB057A1B9D637A007735CB /* Debug */,
				34EB057B1B9D637A007735CB /* Release */,
			);
			defaultConfigurationIsVisible = 0;
		};
		34EB057C1B9D637A007735CB /* Build configuration list for PBXNativeTarget "TestKVOArrayTests" */ = {
			isa = XCConfigurationList;
			buildConfigurations = (
				34EB057D1B9D637A007735CB /* Debug */,
				34EB057E1B9D637A007735CB /* Release */,
			);
			defaultConfigurationIsVisible = 0;
		};
/* End XCConfigurationList section */
	};
	rootObject = 34EB054E1B9D637A007735CB /* Project object */;
}
